
Microsoft Visual Studio Solution File, Format Version 12.00
# Visual Studio 15
VisualStudioVersion = 15.0.28010.2048
MinimumVisualStudioVersion = 10.0.40219.1
Project("{FAE04EC0-301F-11D3-BF4B-00C04F79EFBC}") = "ConsoleApp1", "ConsoleApp1\ConsoleApp1.csproj", "{FDAD1F6D-B219-4F15-B6A1-A8024E6FD57C}"
EndProject
Global
	GlobalSection(SolutionConfigurationPlatforms) = preSolution
		Debug|Any CPU = Debug|Any CPU
		Release|Any CPU = Release|Any CPU
	EndGlobalSection
	GlobalSection(ProjectConfigurationPlatforms) = postSolution
		{FDAD1F6D-B219-4F15-B6A1-A8024E6FD57C}.Debug|Any CPU.ActiveCfg = Debug|Any CPU
		{FDAD1F6D-B219-4F15-B6A1-A8024E6FD57C}.Debug|Any CPU.Build.0 = Debug|Any CPU
		{FDAD1F6D-B219-4F15-B6A1-A8024E6FD57C}.Release|Any CPU.ActiveCfg = Release|Any CPU
		{FDAD1F6D-B219-4F15-B6A1-A8024E6FD57C}.Release|Any CPU.Build.0 = Release|Any CPU
	EndGlobalSection
	GlobalSection(SolutionProperties) = preSolution
		HideSolutionNode = FALSE
	EndGlobalSection
	GlobalSection(ExtensibilityGlobals) = postSolution
		SolutionGuid = {928FC415-30A9-4F4C-8118-41B1F2E5408A}
	EndGlobalSection
EndGlobal
